// !$*UTF8*$!
{
	archiveVersion = 1;
	classes = {
	};
	objectVersion = 46;
	objects = {

/* Begin PBXBuildFile section */
		058D989A1E2D265A00DE2B4E /* SelectedTagsCollectionViewCell.swift in Sources */ = {isa = PBXBuildFile; fileRef = 058D98991E2D265A00DE2B4E /* SelectedTagsCollectionViewCell.swift */; };
		059678F81E2BCEB400ABBE91 /* SuggestedTagSelectionViewController.swift in Sources */ = {isa = PBXBuildFile; fileRef = 059678F71E2BCEB400ABBE91 /* SuggestedTagSelectionViewController.swift */; };
		059678FA1E2BD24D00ABBE91 /* SearchedTagSelectionViewController.swift in Sources */ = {isa = PBXBuildFile; fileRef = 059678F91E2BD24D00ABBE91 /* SearchedTagSelectionViewController.swift */; };
		059678FC1E2BD38200ABBE91 /* SearchedTagsTableViewCell.swift in Sources */ = {isa = PBXBuildFile; fileRef = 059678FB1E2BD38200ABBE91 /* SearchedTagsTableViewCell.swift */; };
		140C4E0D1E2B7DE000167D79 /* CustomSearchBar.swift in Sources */ = {isa = PBXBuildFile; fileRef = 140C4E0C1E2B7DE000167D79 /* CustomSearchBar.swift */; };
		140C4E111E2BA05A00167D79 /* TagCollectionViewCell.swift in Sources */ = {isa = PBXBuildFile; fileRef = 140C4E101E2BA05A00167D79 /* TagCollectionViewCell.swift */; };
		140F64A51E2DF33A008BCF48 /* SearchTagAccessoryView.swift in Sources */ = {isa = PBXBuildFile; fileRef = 140F64A41E2DF33A008BCF48 /* SearchTagAccessoryView.swift */; };
		140F64A71E2E05B0008BCF48 /* TaskUtils.swift in Sources */ = {isa = PBXBuildFile; fileRef = 140F64A61E2E05B0008BCF48 /* TaskUtils.swift */; };
		1451BD6D1E30BC370094A83D /* GGSObject.swift in Sources */ = {isa = PBXBuildFile; fileRef = 1451BD6C1E30BC370094A83D /* GGSObject.swift */; };
		1466925E1E27614100184699 /* AppDelegate.swift in Sources */ = {isa = PBXBuildFile; fileRef = 1466925D1E27614100184699 /* AppDelegate.swift */; };
		146692601E27614100184699 /* ViewController.swift in Sources */ = {isa = PBXBuildFile; fileRef = 1466925F1E27614100184699 /* ViewController.swift */; };
		146692631E27614100184699 /* Main.storyboard in Resources */ = {isa = PBXBuildFile; fileRef = 146692611E27614100184699 /* Main.storyboard */; };
		146692651E27614100184699 /* Assets.xcassets in Resources */ = {isa = PBXBuildFile; fileRef = 146692641E27614100184699 /* Assets.xcassets */; };
		146692681E27614100184699 /* LaunchScreen.storyboard in Resources */ = {isa = PBXBuildFile; fileRef = 146692661E27614100184699 /* LaunchScreen.storyboard */; };
		146692731E27614100184699 /* TagSelectorTests.swift in Sources */ = {isa = PBXBuildFile; fileRef = 146692721E27614100184699 /* TagSelectorTests.swift */; };
		1466927E1E27614100184699 /* TagSelectorUITests.swift in Sources */ = {isa = PBXBuildFile; fileRef = 1466927D1E27614100184699 /* TagSelectorUITests.swift */; };
		146692A21E279EAD00184699 /* TagSelectorViewController.swift in Sources */ = {isa = PBXBuildFile; fileRef = 146692A11E279EAD00184699 /* TagSelectorViewController.swift */; };
		146A11891E2B660C0032896C /* TagView.swift in Sources */ = {isa = PBXBuildFile; fileRef = 146A11881E2B660C0032896C /* TagView.swift */; };
		146A118D1E2B66200032896C /* CloseButton.swift in Sources */ = {isa = PBXBuildFile; fileRef = 146A118A1E2B66200032896C /* CloseButton.swift */; };
		146A11911E2B66600032896C /* Color.swift in Sources */ = {isa = PBXBuildFile; fileRef = 146A11901E2B66600032896C /* Color.swift */; };
		14706A361E2CEEF50001408D /* SuggestedTagsCollectionViewCell.swift in Sources */ = {isa = PBXBuildFile; fileRef = 14706A351E2CEEF50001408D /* SuggestedTagsCollectionViewCell.swift */; };
		CC168B04200D163CB673DA89 /* Pods_TagSelector.framework in Frameworks */ = {isa = PBXBuildFile; fileRef = CE12723B6AC86E5EF1061AC7 /* Pods_TagSelector.framework */; };
/* End PBXBuildFile section */

/* Begin PBXContainerItemProxy section */
		1466926F1E27614100184699 /* PBXContainerItemProxy */ = {
			isa = PBXContainerItemProxy;
			containerPortal = 146692521E27614100184699 /* Project object */;
			proxyType = 1;
			remoteGlobalIDString = 146692591E27614100184699;
			remoteInfo = TagSelector;
		};
		1466927A1E27614100184699 /* PBXContainerItemProxy */ = {
			isa = PBXContainerItemProxy;
			containerPortal = 146692521E27614100184699 /* Project object */;
			proxyType = 1;
			remoteGlobalIDString = 146692591E27614100184699;
			remoteInfo = TagSelector;
		};
/* End PBXContainerItemProxy section */

/* Begin PBXCopyFilesBuildPhase section */
		1466929F1E279CD100184699 /* Embed Frameworks */ = {
			isa = PBXCopyFilesBuildPhase;
			buildActionMask = 2147483647;
			dstPath = "";
			dstSubfolderSpec = 10;
			files = (
			);
			name = "Embed Frameworks";
			runOnlyForDeploymentPostprocessing = 0;
		};
/* End PBXCopyFilesBuildPhase section */

/* Begin PBXFileReference section */
		058D98991E2D265A00DE2B4E /* SelectedTagsCollectionViewCell.swift */ = {isa = PBXFileReference; fileEncoding = 4; lastKnownFileType = sourcecode.swift; path = SelectedTagsCollectionViewCell.swift; sourceTree = "<group>"; };
		059678F71E2BCEB400ABBE91 /* SuggestedTagSelectionViewController.swift */ = {isa = PBXFileReference; fileEncoding = 4; lastKnownFileType = sourcecode.swift; path = SuggestedTagSelectionViewController.swift; sourceTree = "<group>"; };
		059678F91E2BD24D00ABBE91 /* SearchedTagSelectionViewController.swift */ = {isa = PBXFileReference; fileEncoding = 4; lastKnownFileType = sourcecode.swift; path = SearchedTagSelectionViewController.swift; sourceTree = "<group>"; };
		059678FB1E2BD38200ABBE91 /* SearchedTagsTableViewCell.swift */ = {isa = PBXFileReference; fileEncoding = 4; lastKnownFileType = sourcecode.swift; path = SearchedTagsTableViewCell.swift; sourceTree = "<group>"; };
		140C4E0C1E2B7DE000167D79 /* CustomSearchBar.swift */ = {isa = PBXFileReference; fileEncoding = 4; lastKnownFileType = sourcecode.swift; path = CustomSearchBar.swift; sourceTree = "<group>"; };
		140C4E101E2BA05A00167D79 /* TagCollectionViewCell.swift */ = {isa = PBXFileReference; fileEncoding = 4; lastKnownFileType = sourcecode.swift; path = TagCollectionViewCell.swift; sourceTree = "<group>"; };
		140F64A41E2DF33A008BCF48 /* SearchTagAccessoryView.swift */ = {isa = PBXFileReference; fileEncoding = 4; lastKnownFileType = sourcecode.swift; path = SearchTagAccessoryView.swift; sourceTree = "<group>"; };
		140F64A61E2E05B0008BCF48 /* TaskUtils.swift */ = {isa = PBXFileReference; fileEncoding = 4; lastKnownFileType = sourcecode.swift; path = TaskUtils.swift; sourceTree = "<group>"; };
		1451BD6C1E30BC370094A83D /* GGSObject.swift */ = {isa = PBXFileReference; fileEncoding = 4; lastKnownFileType = sourcecode.swift; path = GGSObject.swift; sourceTree = "<group>"; };
		1466925A1E27614100184699 /* TagSelector.app */ = {isa = PBXFileReference; explicitFileType = wrapper.application; includeInIndex = 0; path = TagSelector.app; sourceTree = BUILT_PRODUCTS_DIR; };
		1466925D1E27614100184699 /* AppDelegate.swift */ = {isa = PBXFileReference; lastKnownFileType = sourcecode.swift; path = AppDelegate.swift; sourceTree = "<group>"; };
		1466925F1E27614100184699 /* ViewController.swift */ = {isa = PBXFileReference; lastKnownFileType = sourcecode.swift; path = ViewController.swift; sourceTree = "<group>"; };
		146692621E27614100184699 /* Base */ = {isa = PBXFileReference; lastKnownFileType = file.storyboard; name = Base; path = Base.lproj/Main.storyboard; sourceTree = "<group>"; };
		146692641E27614100184699 /* Assets.xcassets */ = {isa = PBXFileReference; lastKnownFileType = folder.assetcatalog; path = Assets.xcassets; sourceTree = "<group>"; };
		146692671E27614100184699 /* Base */ = {isa = PBXFileReference; lastKnownFileType = file.storyboard; name = Base; path = Base.lproj/LaunchScreen.storyboard; sourceTree = "<group>"; };
		146692691E27614100184699 /* Info.plist */ = {isa = PBXFileReference; lastKnownFileType = text.plist.xml; path = Info.plist; sourceTree = "<group>"; };
		1466926E1E27614100184699 /* TagSelectorTests.xctest */ = {isa = PBXFileReference; explicitFileType = wrapper.cfbundle; includeInIndex = 0; path = TagSelectorTests.xctest; sourceTree = BUILT_PRODUCTS_DIR; };
		146692721E27614100184699 /* TagSelectorTests.swift */ = {isa = PBXFileReference; lastKnownFileType = sourcecode.swift; path = TagSelectorTests.swift; sourceTree = "<group>"; };
		146692741E27614100184699 /* Info.plist */ = {isa = PBXFileReference; lastKnownFileType = text.plist.xml; path = Info.plist; sourceTree = "<group>"; };
		146692791E27614100184699 /* TagSelectorUITests.xctest */ = {isa = PBXFileReference; explicitFileType = wrapper.cfbundle; includeInIndex = 0; path = TagSelectorUITests.xctest; sourceTree = BUILT_PRODUCTS_DIR; };
		1466927D1E27614100184699 /* TagSelectorUITests.swift */ = {isa = PBXFileReference; lastKnownFileType = sourcecode.swift; path = TagSelectorUITests.swift; sourceTree = "<group>"; };
		1466927F1E27614100184699 /* Info.plist */ = {isa = PBXFileReference; lastKnownFileType = text.plist.xml; path = Info.plist; sourceTree = "<group>"; };
		1466929C1E279CD100184699 /* Presentr.framework */ = {isa = PBXFileReference; lastKnownFileType = wrapper.framework; name = Presentr.framework; path = Carthage/Build/iOS/Presentr.framework; sourceTree = "<group>"; };
		146692A11E279EAD00184699 /* TagSelectorViewController.swift */ = {isa = PBXFileReference; fileEncoding = 4; lastKnownFileType = sourcecode.swift; path = TagSelectorViewController.swift; sourceTree = "<group>"; };
		146A11881E2B660C0032896C /* TagView.swift */ = {isa = PBXFileReference; fileEncoding = 4; lastKnownFileType = sourcecode.swift; path = TagView.swift; sourceTree = "<group>"; };
		146A118A1E2B66200032896C /* CloseButton.swift */ = {isa = PBXFileReference; fileEncoding = 4; lastKnownFileType = sourcecode.swift; path = CloseButton.swift; sourceTree = "<group>"; };
		146A11901E2B66600032896C /* Color.swift */ = {isa = PBXFileReference; fileEncoding = 4; lastKnownFileType = sourcecode.swift; path = Color.swift; sourceTree = "<group>"; };
		14706A351E2CEEF50001408D /* SuggestedTagsCollectionViewCell.swift */ = {isa = PBXFileReference; fileEncoding = 4; lastKnownFileType = sourcecode.swift; path = SuggestedTagsCollectionViewCell.swift; sourceTree = "<group>"; };
		8C1AA8F6892FDC282D86FD8A /* Pods-TagSelector.release.xcconfig */ = {isa = PBXFileReference; includeInIndex = 1; lastKnownFileType = text.xcconfig; name = "Pods-TagSelector.release.xcconfig"; path = "Pods/Target Support Files/Pods-TagSelector/Pods-TagSelector.release.xcconfig"; sourceTree = "<group>"; };
		922F0FB6DD898531095A1B07 /* Pods-TagSelector.debug.xcconfig */ = {isa = PBXFileReference; includeInIndex = 1; lastKnownFileType = text.xcconfig; name = "Pods-TagSelector.debug.xcconfig"; path = "Pods/Target Support Files/Pods-TagSelector/Pods-TagSelector.debug.xcconfig"; sourceTree = "<group>"; };
		CE12723B6AC86E5EF1061AC7 /* Pods_TagSelector.framework */ = {isa = PBXFileReference; explicitFileType = wrapper.framework; includeInIndex = 0; path = Pods_TagSelector.framework; sourceTree = BUILT_PRODUCTS_DIR; };
/* End PBXFileReference section */

/* Begin PBXFrameworksBuildPhase section */
		146692571E27614100184699 /* Frameworks */ = {
			isa = PBXFrameworksBuildPhase;
			buildActionMask = 2147483647;
			files = (
				CC168B04200D163CB673DA89 /* Pods_TagSelector.framework in Frameworks */,
			);
			runOnlyForDeploymentPostprocessing = 0;
		};
		1466926B1E27614100184699 /* Frameworks */ = {
			isa = PBXFrameworksBuildPhase;
			buildActionMask = 2147483647;
			files = (
			);
			runOnlyForDeploymentPostprocessing = 0;
		};
		146692761E27614100184699 /* Frameworks */ = {
			isa = PBXFrameworksBuildPhase;
			buildActionMask = 2147483647;
			files = (
			);
			runOnlyForDeploymentPostprocessing = 0;
		};
/* End PBXFrameworksBuildPhase section */

/* Begin PBXGroup section */
		146692511E27614100184699 = {
			isa = PBXGroup;
			children = (
				1466929C1E279CD100184699 /* Presentr.framework */,
				1466925C1E27614100184699 /* TagSelector */,
				146692711E27614100184699 /* TagSelectorTests */,
				1466927C1E27614100184699 /* TagSelectorUITests */,
				1466925B1E27614100184699 /* Products */,
				7D79FD6E4067BE93113EBFD5 /* Pods */,
				8C7A748BC45B88B74242DF42 /* Frameworks */,
			);
			sourceTree = "<group>";
		};
		1466925B1E27614100184699 /* Products */ = {
			isa = PBXGroup;
			children = (
				1466925A1E27614100184699 /* TagSelector.app */,
				1466926E1E27614100184699 /* TagSelectorTests.xctest */,
				146692791E27614100184699 /* TagSelectorUITests.xctest */,
			);
			name = Products;
			sourceTree = "<group>";
		};
		1466925C1E27614100184699 /* TagSelector */ = {
			isa = PBXGroup;
			children = (
				140F64A61E2E05B0008BCF48 /* TaskUtils.swift */,
				140F64A41E2DF33A008BCF48 /* SearchTagAccessoryView.swift */,
				146A118F1E2B66600032896C /* Views */,
				1466925D1E27614100184699 /* AppDelegate.swift */,
				1466925F1E27614100184699 /* ViewController.swift */,
				146692A11E279EAD00184699 /* TagSelectorViewController.swift */,
				146692611E27614100184699 /* Main.storyboard */,
				14706A351E2CEEF50001408D /* SuggestedTagsCollectionViewCell.swift */,
				146692641E27614100184699 /* Assets.xcassets */,
				146692661E27614100184699 /* LaunchScreen.storyboard */,
				146692691E27614100184699 /* Info.plist */,
				146A11901E2B66600032896C /* Color.swift */,
				140C4E101E2BA05A00167D79 /* TagCollectionViewCell.swift */,
				059678F71E2BCEB400ABBE91 /* SuggestedTagSelectionViewController.swift */,
				059678F91E2BD24D00ABBE91 /* SearchedTagSelectionViewController.swift */,
				059678FB1E2BD38200ABBE91 /* SearchedTagsTableViewCell.swift */,
				058D98991E2D265A00DE2B4E /* SelectedTagsCollectionViewCell.swift */,
				1451BD6C1E30BC370094A83D /* GGSObject.swift */,
			);
			path = TagSelector;
			sourceTree = "<group>";
		};
		146692711E27614100184699 /* TagSelectorTests */ = {
			isa = PBXGroup;
			children = (
				146692721E27614100184699 /* TagSelectorTests.swift */,
				146692741E27614100184699 /* Info.plist */,
			);
			path = TagSelectorTests;
			sourceTree = "<group>";
		};
		1466927C1E27614100184699 /* TagSelectorUITests */ = {
			isa = PBXGroup;
			children = (
				1466927D1E27614100184699 /* TagSelectorUITests.swift */,
				1466927F1E27614100184699 /* Info.plist */,
			);
			path = TagSelectorUITests;
			sourceTree = "<group>";
		};
		146A118F1E2B66600032896C /* Views */ = {
			isa = PBXGroup;
			children = (
				146A11881E2B660C0032896C /* TagView.swift */,
				140C4E0C1E2B7DE000167D79 /* CustomSearchBar.swift */,
				146A118A1E2B66200032896C /* CloseButton.swift */,
			);
			name = Views;
			sourceTree = "<group>";
		};
		7D79FD6E4067BE93113EBFD5 /* Pods */ = {
			isa = PBXGroup;
			children = (
				922F0FB6DD898531095A1B07 /* Pods-TagSelector.debug.xcconfig */,
				8C1AA8F6892FDC282D86FD8A /* Pods-TagSelector.release.xcconfig */,
			);
			name = Pods;
			sourceTree = "<group>";
		};
		8C7A748BC45B88B74242DF42 /* Frameworks */ = {
			isa = PBXGroup;
			children = (
				CE12723B6AC86E5EF1061AC7 /* Pods_TagSelector.framework */,
			);
			name = Frameworks;
			sourceTree = "<group>";
		};
/* End PBXGroup section */

/* Begin PBXNativeTarget section */
		146692591E27614100184699 /* TagSelector */ = {
			isa = PBXNativeTarget;
			buildConfigurationList = 146692821E27614100184699 /* Build configuration list for PBXNativeTarget "TagSelector" */;
			buildPhases = (
				CAD8CE4E1B7FE8BA788A50F9 /* [CP] Check Pods Manifest.lock */,
				146692561E27614100184699 /* Sources */,
				146692571E27614100184699 /* Frameworks */,
				146692581E27614100184699 /* Resources */,
				1466929F1E279CD100184699 /* Embed Frameworks */,
				146692A01E279CE200184699 /* ShellScript */,
				2B8AD5182C216FDD3BE59E8F /* [CP] Embed Pods Frameworks */,
				99E99E0E64782488C25CA6C4 /* [CP] Copy Pods Resources */,
			);
			buildRules = (
			);
			dependencies = (
			);
			name = TagSelector;
			productName = TagSelector;
			productReference = 1466925A1E27614100184699 /* TagSelector.app */;
			productType = "com.apple.product-type.application";
		};
		1466926D1E27614100184699 /* TagSelectorTests */ = {
			isa = PBXNativeTarget;
			buildConfigurationList = 146692851E27614100184699 /* Build configuration list for PBXNativeTarget "TagSelectorTests" */;
			buildPhases = (
				1466926A1E27614100184699 /* Sources */,
				1466926B1E27614100184699 /* Frameworks */,
				1466926C1E27614100184699 /* Resources */,
			);
			buildRules = (
			);
			dependencies = (
				146692701E27614100184699 /* PBXTargetDependency */,
			);
			name = TagSelectorTests;
			productName = TagSelectorTests;
			productReference = 1466926E1E27614100184699 /* TagSelectorTests.xctest */;
			productType = "com.apple.product-type.bundle.unit-test";
		};
		146692781E27614100184699 /* TagSelectorUITests */ = {
			isa = PBXNativeTarget;
			buildConfigurationList = 146692881E27614100184699 /* Build configuration list for PBXNativeTarget "TagSelectorUITests" */;
			buildPhases = (
				146692751E27614100184699 /* Sources */,
				146692761E27614100184699 /* Frameworks */,
				146692771E27614100184699 /* Resources */,
			);
			buildRules = (
			);
			dependencies = (
				1466927B1E27614100184699 /* PBXTargetDependency */,
			);
			name = TagSelectorUITests;
			productName = TagSelectorUITests;
			productReference = 146692791E27614100184699 /* TagSelectorUITests.xctest */;
			productType = "com.apple.product-type.bundle.ui-testing";
		};
/* End PBXNativeTarget section */

/* Begin PBXProject section */
		146692521E27614100184699 /* Project object */ = {
			isa = PBXProject;
			attributes = {
				LastSwiftUpdateCheck = 0820;
				LastUpgradeCheck = 0820;
				ORGANIZATIONNAME = "minhazur rahman";
				TargetAttributes = {
					146692591E27614100184699 = {
						CreatedOnToolsVersion = 8.2.1;
						DevelopmentTeam = VE4ZKU5SZ3;
						ProvisioningStyle = Automatic;
					};
					1466926D1E27614100184699 = {
						CreatedOnToolsVersion = 8.2.1;
						ProvisioningStyle = Automatic;
						TestTargetID = 146692591E27614100184699;
					};
					146692781E27614100184699 = {
						CreatedOnToolsVersion = 8.2.1;
						ProvisioningStyle = Automatic;
						TestTargetID = 146692591E27614100184699;
					};
				};
			};
			buildConfigurationList = 146692551E27614100184699 /* Build configuration list for PBXProject "TagSelector" */;
			compatibilityVersion = "Xcode 3.2";
			developmentRegion = English;
			hasScannedForEncodings = 0;
			knownRegions = (
				en,
				Base,
			);
			mainGroup = 146692511E27614100184699;
			productRefGroup = 1466925B1E27614100184699 /* Products */;
			projectDirPath = "";
			projectRoot = "";
			targets = (
				146692591E27614100184699 /* TagSelector */,
				1466926D1E27614100184699 /* TagSelectorTests */,
				146692781E27614100184699 /* TagSelectorUITests */,
			);
		};
/* End PBXProject section */

/* Begin PBXResourcesBuildPhase section */
		146692581E27614100184699 /* Resources */ = {
			isa = PBXResourcesBuildPhase;
			buildActionMask = 2147483647;
			files = (
				146692681E27614100184699 /* LaunchScreen.storyboard in Resources */,
				146692651E27614100184699 /* Assets.xcassets in Resources */,
				146692631E27614100184699 /* Main.storyboard in Resources */,
			);
			runOnlyForDeploymentPostprocessing = 0;
		};
		1466926C1E27614100184699 /* Resources */ = {
			isa = PBXResourcesBuildPhase;
			buildActionMask = 2147483647;
			files = (
			);
			runOnlyForDeploymentPostprocessing = 0;
		};
		146692771E27614100184699 /* Resources */ = {
			isa = PBXResourcesBuildPhase;
			buildActionMask = 2147483647;
			files = (
			);
			runOnlyForDeploymentPostprocessing = 0;
		};
/* End PBXResourcesBuildPhase section */

/* Begin PBXShellScriptBuildPhase section */
		146692A01E279CE200184699 /* ShellScript */ = {
			isa = PBXShellScriptBuildPhase;
			buildActionMask = 2147483647;
			files = (
			);
			inputPaths = (
				"$(SRCROOT)/Carthage/Build/iOS/Presentr.framework",
			);
			outputPaths = (
			);
			runOnlyForDeploymentPostprocessing = 0;
			shellPath = /bin/sh;
			shellScript = "/usr/local/bin/carthage copy-frameworks\n";
		};
		2B8AD5182C216FDD3BE59E8F /* [CP] Embed Pods Frameworks */ = {
			isa = PBXShellScriptBuildPhase;
			buildActionMask = 2147483647;
			files = (
			);
			inputPaths = (
			);
			name = "[CP] Embed Pods Frameworks";
			outputPaths = (
			);
			runOnlyForDeploymentPostprocessing = 0;
			shellPath = /bin/sh;
			shellScript = "\"${SRCROOT}/Pods/Target Support Files/Pods-TagSelector/Pods-TagSelector-frameworks.sh\"\n";
			showEnvVarsInLog = 0;
		};
		99E99E0E64782488C25CA6C4 /* [CP] Copy Pods Resources */ = {
			isa = PBXShellScriptBuildPhase;
			buildActionMask = 2147483647;
			files = (
			);
			inputPaths = (
			);
			name = "[CP] Copy Pods Resources";
			outputPaths = (
			);
			runOnlyForDeploymentPostprocessing = 0;
			shellPath = /bin/sh;
			shellScript = "\"${SRCROOT}/Pods/Target Support Files/Pods-TagSelector/Pods-TagSelector-resources.sh\"\n";
			showEnvVarsInLog = 0;
		};
		CAD8CE4E1B7FE8BA788A50F9 /* [CP] Check Pods Manifest.lock */ = {
			isa = PBXShellScriptBuildPhase;
			buildActionMask = 2147483647;
			files = (
			);
			inputPaths = (
			);
			name = "[CP] Check Pods Manifest.lock";
			outputPaths = (
			);
			runOnlyForDeploymentPostprocessing = 0;
			shellPath = /bin/sh;
			shellScript = "diff \"${PODS_ROOT}/../Podfile.lock\" \"${PODS_ROOT}/Manifest.lock\" > /dev/null\nif [ $? != 0 ] ; then\n    # print error to STDERR\n    echo \"error: The sandbox is not in sync with the Podfile.lock. Run 'pod install' or update your CocoaPods installation.\" >&2\n    exit 1\nfi\n";
			showEnvVarsInLog = 0;
		};
/* End PBXShellScriptBuildPhase section */

/* Begin PBXSourcesBuildPhase section */
		146692561E27614100184699 /* Sources */ = {
			isa = PBXSourcesBuildPhase;
			buildActionMask = 2147483647;
			files = (
				140F64A51E2DF33A008BCF48 /* SearchTagAccessoryView.swift in Sources */,
				140F64A71E2E05B0008BCF48 /* TaskUtils.swift in Sources */,
				146A118D1E2B66200032896C /* CloseButton.swift in Sources */,
				059678FC1E2BD38200ABBE91 /* SearchedTagsTableViewCell.swift in Sources */,
				1451BD6D1E30BC370094A83D /* GGSObject.swift in Sources */,
				146A11911E2B66600032896C /* Color.swift in Sources */,
				059678FA1E2BD24D00ABBE91 /* SearchedTagSelectionViewController.swift in Sources */,
				14706A361E2CEEF50001408D /* SuggestedTagsCollectionViewCell.swift in Sources */,
				058D989A1E2D265A00DE2B4E /* SelectedTagsCollectionViewCell.swift in Sources */,
				146692601E27614100184699 /* ViewController.swift in Sources */,
				1466925E1E27614100184699 /* AppDelegate.swift in Sources */,
				146692A21E279EAD00184699 /* TagSelectorViewController.swift in Sources */,
				059678F81E2BCEB400ABBE91 /* SuggestedTagSelectionViewController.swift in Sources */,
				140C4E111E2BA05A00167D79 /* TagCollectionViewCell.swift in Sources */,
				140C4E0D1E2B7DE000167D79 /* CustomSearchBar.swift in Sources */,
				146A11891E2B660C0032896C /* TagView.swift in Sources */,
			);
			runOnlyForDeploymentPostprocessing = 0;
		};
		1466926A1E27614100184699 /* Sources */ = {
			isa = PBXSourcesBuildPhase;
			buildActionMask = 2147483647;
			files = (
				146692731E27614100184699 /* TagSelectorTests.swift in Sources */,
			);
			runOnlyForDeploymentPostprocessing = 0;
		};
		146692751E27614100184699 /* Sources */ = {
			isa = PBXSourcesBuildPhase;
			buildActionMask = 2147483647;
			files = (
				1466927E1E27614100184699 /* TagSelectorUITests.swift in Sources */,
			);
			runOnlyForDeploymentPostprocessing = 0;
		};
/* End PBXSourcesBuildPhase section */

/* Begin PBXTargetDependency section */
		146692701E27614100184699 /* PBXTargetDependency */ = {
			isa = PBXTargetDependency;
			target = 146692591E27614100184699 /* TagSelector */;
			targetProxy = 1466926F1E27614100184699 /* PBXContainerItemProxy */;
		};
		1466927B1E27614100184699 /* PBXTargetDependency */ = {
			isa = PBXTargetDependency;
			target = 146692591E27614100184699 /* TagSelector */;
			targetProxy = 1466927A1E27614100184699 /* PBXContainerItemProxy */;
		};
/* End PBXTargetDependency section */

/* Begin PBXVariantGroup section */
		146692611E27614100184699 /* Main.storyboard */ = {
			isa = PBXVariantGroup;
			children = (
				146692621E27614100184699 /* Base */,
			);
			name = Main.storyboard;
			sourceTree = "<group>";
		};
		146692661E27614100184699 /* LaunchScreen.storyboard */ = {
			isa = PBXVariantGroup;
			children = (
				146692671E27614100184699 /* Base */,
			);
			name = LaunchScreen.storyboard;
			sourceTree = "<group>";
		};
/* End PBXVariantGroup section */

/* Begin XCBuildConfiguration section */
		146692801E27614100184699 /* Debug */ = {
			isa = XCBuildConfiguration;
			buildSettings = {
				ALWAYS_SEARCH_USER_PATHS = NO;
				CLANG_ANALYZER_NONNULL = YES;
				CLANG_CXX_LANGUAGE_STANDARD = "gnu++0x";
				CLANG_CXX_LIBRARY = "libc++";
				CLANG_ENABLE_MODULES = YES;
				CLANG_ENABLE_OBJC_ARC = YES;
				CLANG_WARN_BOOL_CONVERSION = YES;
				CLANG_WARN_CONSTANT_CONVERSION = YES;
				CLANG_WARN_DIRECT_OBJC_ISA_USAGE = YES_ERROR;
				CLANG_WARN_DOCUMENTATION_COMMENTS = YES;
				CLANG_WARN_EMPTY_BODY = YES;
				CLANG_WARN_ENUM_CONVERSION = YES;
				CLANG_WARN_INFINITE_RECURSION = YES;
				CLANG_WARN_INT_CONVERSION = YES;
				CLANG_WARN_OBJC_ROOT_CLASS = YES_ERROR;
				CLANG_WARN_SUSPICIOUS_MOVE = YES;
				CLANG_WARN_UNREACHABLE_CODE = YES;
				CLANG_WARN__DUPLICATE_METHOD_MATCH = YES;
				"CODE_SIGN_IDENTITY[sdk=iphoneos*]" = "iPhone Developer";
				COPY_PHASE_STRIP = NO;
				DEBUG_INFORMATION_FORMAT = dwarf;
				ENABLE_STRICT_OBJC_MSGSEND = YES;
				ENABLE_TESTABILITY = YES;
				GCC_C_LANGUAGE_STANDARD = gnu99;
				GCC_DYNAMIC_NO_PIC = NO;
				GCC_NO_COMMON_BLOCKS = YES;
				GCC_OPTIMIZATION_LEVEL = 0;
				GCC_PREPROCESSOR_DEFINITIONS = (
					"DEBUG=1",
					"$(inherited)",
				);
				GCC_WARN_64_TO_32_BIT_CONVERSION = YES;
				GCC_WARN_ABOUT_RETURN_TYPE = YES_ERROR;
				GCC_WARN_UNDECLARED_SELECTOR = YES;
				GCC_WARN_UNINITIALIZED_AUTOS = YES_AGGRESSIVE;
				GCC_WARN_UNUSED_FUNCTION = YES;
				GCC_WARN_UNUSED_VARIABLE = YES;
				IPHONEOS_DEPLOYMENT_TARGET = 10.2;
				MTL_ENABLE_DEBUG_INFO = YES;
				ONLY_ACTIVE_ARCH = YES;
				SDKROOT = iphoneos;
				SWIFT_ACTIVE_COMPILATION_CONDITIONS = DEBUG;
				SWIFT_OPTIMIZATION_LEVEL = "-Onone";
				TARGETED_DEVICE_FAMILY = "1,2";
			};
			name = Debug;
		};
		146692811E27614100184699 /* Release */ = {
			isa = XCBuildConfiguration;
			buildSettings = {
				ALWAYS_SEARCH_USER_PATHS = NO;
				CLANG_ANALYZER_NONNULL = YES;
				CLANG_CXX_LANGUAGE_STANDARD = "gnu++0x";
				CLANG_CXX_LIBRARY = "libc++";
				CLANG_ENABLE_MODULES = YES;
				CLANG_ENABLE_OBJC_ARC = YES;
				CLANG_WARN_BOOL_CONVERSION = YES;
				CLANG_WARN_CONSTANT_CONVERSION = YES;
				CLANG_WARN_DIRECT_OBJC_ISA_USAGE = YES_ERROR;
				CLANG_WARN_DOCUMENTATION_COMMENTS = YES;
				CLANG_WARN_EMPTY_BODY = YES;
				CLANG_WARN_ENUM_CONVERSION = YES;
				CLANG_WARN_INFINITE_RECURSION = YES;
				CLANG_WARN_INT_CONVERSION = YES;
				CLANG_WARN_OBJC_ROOT_CLASS = YES_ERROR;
				CLANG_WARN_SUSPICIOUS_MOVE = YES;
				CLANG_WARN_UNREACHABLE_CODE = YES;
				CLANG_WARN__DUPLICATE_METHOD_MATCH = YES;
				"CODE_SIGN_IDENTITY[sdk=iphoneos*]" = "iPhone Developer";
				COPY_PHASE_STRIP = NO;
				DEBUG_INFORMATION_FORMAT = "dwarf-with-dsym";
				ENABLE_NS_ASSERTIONS = NO;
				ENABLE_STRICT_OBJC_MSGSEND = YES;
				GCC_C_LANGUAGE_STANDARD = gnu99;
				GCC_NO_COMMON_BLOCKS = YES;
				GCC_WARN_64_TO_32_BIT_CONVERSION = YES;
				GCC_WARN_ABOUT_RETURN_TYPE = YES_ERROR;
				GCC_WARN_UNDECLARED_SELECTOR = YES;
				GCC_WARN_UNINITIALIZED_AUTOS = YES_AGGRESSIVE;
				GCC_WARN_UNUSED_FUNCTION = YES;
				GCC_WARN_UNUSED_VARIABLE = YES;
				IPHONEOS_DEPLOYMENT_TARGET = 10.2;
				MTL_ENABLE_DEBUG_INFO = NO;
				SDKROOT = iphoneos;
				SWIFT_OPTIMIZATION_LEVEL = "-Owholemodule";
				TARGETED_DEVICE_FAMILY = "1,2";
				VALIDATE_PRODUCT = YES;
			};
			name = Release;
		};
		146692831E27614100184699 /* Debug */ = {
			isa = XCBuildConfiguration;
			baseConfigurationReference = 922F0FB6DD898531095A1B07 /* Pods-TagSelector.debug.xcconfig */;
			buildSettings = {
				ASSETCATALOG_COMPILER_APPICON_NAME = AppIcon;
				"CODE_SIGN_IDENTITY[sdk=iphoneos*]" = "iPhone Developer";
				DEVELOPMENT_TEAM = VE4ZKU5SZ3;
				FRAMEWORK_SEARCH_PATHS = (
					"$(inherited)",
					"$(PROJECT_DIR)/Carthage/Build/iOS",
				);
				INFOPLIST_FILE = TagSelector/Info.plist;
				IPHONEOS_DEPLOYMENT_TARGET = 10.0;
				LD_RUNPATH_SEARCH_PATHS = "$(inherited) @executable_path/Frameworks";
				PRODUCT_BUNDLE_IDENTIFIER = com.p2.TagSelector;
				PRODUCT_NAME = "$(TARGET_NAME)";
				SWIFT_VERSION = 3.0;
			};
			name = Debug;
		};
		146692841E27614100184699 /* Release */ = {
			isa = XCBuildConfiguration;
			baseConfigurationReference = 8C1AA8F6892FDC282D86FD8A /* Pods-TagSelector.release.xcconfig */;
			buildSettings = {
				ASSETCATALOG_COMPILER_APPICON_NAME = AppIcon;
				"CODE_SIGN_IDENTITY[sdk=iphoneos*]" = "iPhone Developer";
				DEVELOPMENT_TEAM = VE4ZKU5SZ3;
				FRAMEWORK_SEARCH_PATHS = (
					"$(inherited)",
					"$(PROJECT_DIR)/Carthage/Build/iOS",
				);
				INFOPLIST_FILE = TagSelector/Info.plist;
				IPHONEOS_DEPLOYMENT_TARGET = 10.0;
				LD_RUNPATH_SEARCH_PATHS = "$(inherited) @executable_path/Frameworks";
				PRODUCT_BUNDLE_IDENTIFIER = com.p2.TagSelector;
				PRODUCT_NAME = "$(TARGET_NAME)";
				SWIFT_VERSION = 3.0;
			};
			name = Release;
		};
		146692861E27614100184699 /* Debug */ = {
			isa = XCBuildConfiguration;
			buildSettings = {
				ALWAYS_EMBED_SWIFT_STANDARD_LIBRARIES = YES;
				BUNDLE_LOADER = "$(TEST_HOST)";
				INFOPLIST_FILE = TagSelectorTests/Info.plist;
				LD_RUNPATH_SEARCH_PATHS = "$(inherited) @executable_path/Frameworks @loader_path/Frameworks";
				PRODUCT_BUNDLE_IDENTIFIER = com.p1.TagSelectorTests;
				PRODUCT_NAME = "$(TARGET_NAME)";
				SWIFT_VERSION = 3.0;
				TEST_HOST = "$(BUILT_PRODUCTS_DIR)/TagSelector.app/TagSelector";
			};
			name = Debug;
		};
		146692871E27614100184699 /* Release */ = {
			isa = XCBuildConfiguration;
			buildSettings = {
				ALWAYS_EMBED_SWIFT_STANDARD_LIBRARIES = YES;
				BUNDLE_LOADER = "$(TEST_HOST)";
				INFOPLIST_FILE = TagSelectorTests/Info.plist;
				LD_RUNPATH_SEARCH_PATHS = "$(inherited) @executable_path/Frameworks @loader_path/Frameworks";
				PRODUCT_BUNDLE_IDENTIFIER = com.p1.TagSelectorTests;
				PRODUCT_NAME = "$(TARGET_NAME)";
				SWIFT_VERSION = 3.0;
				TEST_HOST = "$(BUILT_PRODUCTS_DIR)/TagSelector.app/TagSelector";
			};
			name = Release;
		};
		146692891E27614100184699 /* Debug */ = {
			isa = XCBuildConfiguration;
			buildSettings = {
				ALWAYS_EMBED_SWIFT_STANDARD_LIBRARIES = YES;
				INFOPLIST_FILE = TagSelectorUITests/Info.plist;
				LD_RUNPATH_SEARCH_PATHS = "$(inherited) @executable_path/Frameworks @loader_path/Frameworks";
				PRODUCT_BUNDLE_IDENTIFIER = com.p1.TagSelectorUITests;
				PRODUCT_NAME = "$(TARGET_NAME)";
				SWIFT_VERSION = 3.0;
				TEST_TARGET_NAME = TagSelector;
			};
			name = Debug;
		};
		1466928A1E27614100184699 /* Release */ = {
			isa = XCBuildConfiguration;
			buildSettings = {
				ALWAYS_EMBED_SWIFT_STANDARD_LIBRARIES = YES;
				INFOPLIST_FILE = TagSelectorUITests/Info.plist;
				LD_RUNPATH_SEARCH_PATHS = "$(inherited) @executable_path/Frameworks @loader_path/Frameworks";
				PRODUCT_BUNDLE_IDENTIFIER = com.p1.TagSelectorUITests;
				PRODUCT_NAME = "$(TARGET_NAME)";
				SWIFT_VERSION = 3.0;
				TEST_TARGET_NAME = TagSelector;
			};
			name = Release;
		};
/* End XCBuildConfiguration section */

/* Begin XCConfigurationList section */
		146692551E27614100184699 /* Build configuration list for PBXProject "TagSelector" */ = {
			isa = XCConfigurationList;
			buildConfigurations = (
				146692801E27614100184699 /* Debug */,
				146692811E27614100184699 /* Release */,
			);
			defaultConfigurationIsVisible = 0;
			defaultConfigurationName = Release;
		};
		146692821E27614100184699 /* Build configuration list for PBXNativeTarget "TagSelector" */ = {
			isa = XCConfigurationList;
			buildConfigurations = (
				146692831E27614100184699 /* Debug */,
				146692841E27614100184699 /* Release */,
			);
			defaultConfigurationIsVisible = 0;
			defaultConfigurationName = Release;
		};
		146692851E27614100184699 /* Build configuration list for PBXNativeTarget "TagSelectorTests" */ = {
			isa = XCConfigurationList;
			buildConfigurations = (
				146692861E27614100184699 /* Debug */,
				146692871E27614100184699 /* Release */,
			);
			defaultConfigurationIsVisible = 0;
			defaultConfigurationName = Release;
		};
		146692881E27614100184699 /* Build configuration list for PBXNativeTarget "TagSelectorUITests" */ = {
			isa = XCConfigurationList;
			buildConfigurations = (
				146692891E27614100184699 /* Debug */,
				1466928A1E27614100184699 /* Release */,
			);
			defaultConfigurationIsVisible = 0;
			defaultConfigurationName = Release;
		};
/* End XCConfigurationList section */
	};
	rootObject = 146692521E27614100184699 /* Project object */;
}
